// !$*UTF8*$!
{
	archiveVersion = 1;
	classes = {
	};
	objectVersion = 50;
	objects = {

/* Begin PBXBuildFile section */
		801A9AB02225A0EA00F3C348 /* CollectionCell.swift in Sources */ = {isa = PBXBuildFile; fileRef = 801A9AAF2225A0EA00F3C348 /* CollectionCell.swift */; };
		8035804F220346EB00B32795 /* AppDelegate.swift in Sources */ = {isa = PBXBuildFile; fileRef = 8035804E220346EB00B32795 /* AppDelegate.swift */; };
		80358051220346EB00B32795 /* ViewController.swift in Sources */ = {isa = PBXBuildFile; fileRef = 80358050220346EB00B32795 /* ViewController.swift */; };
		80358054220346EB00B32795 /* Main.storyboard in Resources */ = {isa = PBXBuildFile; fileRef = 80358052220346EB00B32795 /* Main.storyboard */; };
		80358056220346ED00B32795 /* Assets.xcassets in Resources */ = {isa = PBXBuildFile; fileRef = 80358055220346ED00B32795 /* Assets.xcassets */; };
		80358059220346ED00B32795 /* LaunchScreen.storyboard in Resources */ = {isa = PBXBuildFile; fileRef = 80358057220346ED00B32795 /* LaunchScreen.storyboard */; };
		80C9A47C2203557C00B6D8FD /* Item.swift in Sources */ = {isa = PBXBuildFile; fileRef = 80C9A47B2203557C00B6D8FD /* Item.swift */; };
/* End PBXBuildFile section */

/* Begin PBXFileReference section */
		801A9AAF2225A0EA00F3C348 /* CollectionCell.swift */ = {isa = PBXFileReference; lastKnownFileType = sourcecode.swift; path = CollectionCell.swift; sourceTree = "<group>"; };
		8035804B220346EB00B32795 /* CollectionViewSelfSizing.app */ = {isa = PBXFileReference; explicitFileType = wrapper.application; includeInIndex = 0; path = CollectionViewSelfSizing.app; sourceTree = BUILT_PRODUCTS_DIR; };
		8035804E220346EB00B32795 /* AppDelegate.swift */ = {isa = PBXFileReference; lastKnownFileType = sourcecode.swift; path = AppDelegate.swift; sourceTree = "<group>"; };
		80358050220346EB00B32795 /* ViewController.swift */ = {isa = PBXFileReference; lastKnownFileType = sourcecode.swift; path = ViewController.swift; sourceTree = "<group>"; };
		80358053220346EB00B32795 /* Base */ = {isa = PBXFileReference; lastKnownFileType = file.storyboard; name = Base; path = Base.lproj/Main.storyboard; sourceTree = "<group>"; };
		80358055220346ED00B32795 /* Assets.xcassets */ = {isa = PBXFileReference; lastKnownFileType = folder.assetcatalog; path = Assets.xcassets; sourceTree = "<group>"; };
		80358058220346ED00B32795 /* Base */ = {isa = PBXFileReference; lastKnownFileType = file.storyboard; name = Base; path = Base.lproj/LaunchScreen.storyboard; sourceTree = "<group>"; };
		8035805A220346ED00B32795 /* Info.plist */ = {isa = PBXFileReference; lastKnownFileType = text.plist.xml; path = Info.plist; sourceTree = "<group>"; };
		80C9A47B2203557C00B6D8FD /* Item.swift */ = {isa = PBXFileReference; lastKnownFileType = sourcecode.swift; path = Item.swift; sourceTree = "<group>"; };
/* End PBXFileReference section */

/* Begin PBXFrameworksBuildPhase section */
		80358048220346EB00B32795 /* Frameworks */ = {
			isa = PBXFrameworksBuildPhase;
			buildActionMask = 2147483647;
			files = (
			);
			runOnlyForDeploymentPostprocessing = 0;
		};
/* End PBXFrameworksBuildPhase section */

/* Begin PBXGroup section */
		80358042220346EB00B32795 = {
			isa = PBXGroup;
			children = (
				8035804D220346EB00B32795 /* CollectionViewSelfSizing */,
				8035804C220346EB00B32795 /* Products */,
			);
			sourceTree = "<group>";
		};
		8035804C220346EB00B32795 /* Products */ = {
			isa = PBXGroup;
			children = (
				8035804B220346EB00B32795 /* CollectionViewSelfSizing.app */,
			);
			name = Products;
			sourceTree = "<group>";
		};
		8035804D220346EB00B32795 /* CollectionViewSelfSizing */ = {
			isa = PBXGroup;
			children = (
				8035804E220346EB00B32795 /* AppDelegate.swift */,
				80358050220346EB00B32795 /* ViewController.swift */,
				80C9A47B2203557C00B6D8FD /* Item.swift */,
				801A9AAF2225A0EA00F3C348 /* CollectionCell.swift */,
				80358052220346EB00B32795 /* Main.storyboard */,
				8035806022034C5C00B32795 /* Supporting Files */,
			);
			path = CollectionViewSelfSizing;
			sourceTree = "<group>";
		};
		8035806022034C5C00B32795 /* Supporting Files */ = {
			isa = PBXGroup;
			children = (
				80358055220346ED00B32795 /* Assets.xcassets */,
				80358057220346ED00B32795 /* LaunchScreen.storyboard */,
				8035805A220346ED00B32795 /* Info.plist */,
			);
			path = "Supporting Files";
			sourceTree = "<group>";
		};
/* End PBXGroup section */

/* Begin PBXNativeTarget section */
		8035804A220346EB00B32795 /* CollectionViewSelfSizing */ = {
			isa = PBXNativeTarget;
			buildConfigurationList = 8035805D220346ED00B32795 /* Build configuration list for PBXNativeTarget "CollectionViewSelfSizing" */;
			buildPhases = (
				80358047220346EB00B32795 /* Sources */,
				80358048220346EB00B32795 /* Frameworks */,
				80358049220346EB00B32795 /* Resources */,
			);
			buildRules = (
			);
			dependencies = (
			);
			name = CollectionViewSelfSizing;
			productName = CollectionViewSelfSizing;
			productReference = 8035804B220346EB00B32795 /* CollectionViewSelfSizing.app */;
			productType = "com.apple.product-type.application";
		};
/* End PBXNativeTarget section */

/* Begin PBXProject section */
		80358043220346EB00B32795 /* Project object */ = {
			isa = PBXProject;
			attributes = {
				LastSwiftUpdateCheck = 1010;
				LastUpgradeCheck = 1010;
				ORGANIZATIONNAME = "Vadym Bulavin";
				TargetAttributes = {
					8035804A220346EB00B32795 = {
						CreatedOnToolsVersion = 10.1;
					};
				};
			};
			buildConfigurationList = 80358046220346EB00B32795 /* Build configuration list for PBXProject "CollectionViewSelfSizing" */;
			compatibilityVersion = "Xcode 9.3";
			developmentRegion = en;
			hasScannedForEncodings = 0;
			knownRegions = (
				en,
				Base,
			);
			mainGroup = 80358042220346EB00B32795;
			productRefGroup = 8035804C220346EB00B32795 /* Products */;
			projectDirPath = "";
			projectRoot = "";
			targets = (
				8035804A220346EB00B32795 /* CollectionViewSelfSizing */,
			);
		};
/* End PBXProject section */

/* Begin PBXResourcesBuildPhase section */
		80358049220346EB00B32795 /* Resources */ = {
			isa = PBXResourcesBuildPhase;
			buildActionMask = 2147483647;
			files = (
				80358059220346ED00B32795 /* LaunchScreen.storyboard in Resources */,
				80358056220346ED00B32795 /* Assets.xcassets in Resources */,
				80358054220346EB00B32795 /* Main.storyboard in Resources */,
			);
			runOnlyForDeploymentPostprocessing = 0;
		};
/* End PBXResourcesBuildPhase section */

/* Begin PBXSourcesBuildPhase section */
		80358047220346EB00B32795 /* Sources */ = {
			isa = PBXSourcesBuildPhase;
			buildActionMask = 2147483647;
			files = (
				80C9A47C2203557C00B6D8FD /* Item.swift in Sources */,
				80358051220346EB00B32795 /* ViewController.swift in Sources */,
				8035804F220346EB00B32795 /* AppDelegate.swift in Sources */,
				801A9AB02225A0EA00F3C348 /* CollectionCell.swift in Sources */,
			);
			runOnlyForDeploymentPostprocessing = 0;
		};
/* End PBXSourcesBuildPhase section */

/* Begin PBXVariantGroup section */
		80358052220346EB00B32795 /* Main.storyboard */ = {
			isa = PBXVariantGroup;
			children = (
				80358053220346EB00B32795 /* Base */,
			);
			name = Main.storyboard;
			sourceTree = "<group>";
		};
		80358057220346ED00B32795 /* LaunchScreen.storyboard */ = {
			isa = PBXVariantGroup;
			children = (
				80358058220346ED00B32795 /* Base */,
			);
			name = LaunchScreen.storyboard;
			sourceTree = "<group>";
		};
/* End PBXVariantGroup section */

/* Begin XCBuildConfiguration section */
		8035805B220346ED00B32795 /* Debug */ = {
			isa = XCBuildConfiguration;
			buildSettings = {
				ALWAYS_SEARCH_USER_PATHS = NO;
				CLANG_ANALYZER_NONNULL = YES;
				CLANG_ANALYZER_NUMBER_OBJECT_CONVERSION = YES_AGGRESSIVE;
				CLANG_CXX_LANGUAGE_STANDARD = "gnu++14";
				CLANG_CXX_LIBRARY = "libc++";
				CLANG_ENABLE_MODULES = YES;
				CLANG_ENABLE_OBJC_ARC = YES;
				CLANG_ENABLE_OBJC_WEAK = YES;
				CLANG_WARN_BLOCK_CAPTURE_AUTORELEASING = YES;
				CLANG_WARN_BOOL_CONVERSION = YES;
				CLANG_WARN_COMMA = YES;
				CLANG_WARN_CONSTANT_CONVERSION = YES;
				CLANG_WARN_DEPRECATED_OBJC_IMPLEMENTATIONS = YES;
				CLANG_WARN_DIRECT_OBJC_ISA_USAGE = YES_ERROR;
				CLANG_WARN_DOCUMENTATION_COMMENTS = YES;
				CLANG_WARN_EMPTY_BODY = YES;
				CLANG_WARN_ENUM_CONVERSION = YES;
				CLANG_WARN_INFINITE_RECURSION = YES;
				CLANG_WARN_INT_CONVERSION = YES;
				CLANG_WARN_NON_LITERAL_NULL_CONVERSION = YES;
				CLANG_WARN_OBJC_IMPLICIT_RETAIN_SELF = YES;
				CLANG_WARN_OBJC_LITERAL_CONVERSION = YES;
				CLANG_WARN_OBJC_ROOT_CLASS = YES_ERROR;
				CLANG_WARN_RANGE_LOOP_ANALYSIS = YES;
				CLANG_WARN_STRICT_PROTOTYPES = YES;
				CLANG_WARN_SUSPICIOUS_MOVE = YES;
				CLANG_WARN_UNGUARDED_AVAILABILITY = YES_AGGRESSIVE;
				CLANG_WARN_UNREACHABLE_CODE = YES;
				CLANG_WARN__DUPLICATE_METHOD_MATCH = YES;
				CODE_SIGN_IDENTITY = "iPhone Developer";
				COPY_PHASE_STRIP = NO;
				DEBUG_INFORMATION_FORMAT = dwarf;
				ENABLE_STRICT_OBJC_MSGSEND = YES;
				ENABLE_TESTABILITY = YES;
				GCC_C_LANGUAGE_STANDARD = gnu11;
				GCC_DYNAMIC_NO_PIC = NO;
				GCC_NO_COMMON_BLOCKS = YES;
				GCC_OPTIMIZATION_LEVEL = 0;
				GCC_PREPROCESSOR_DEFINITIONS = (
					"DEBUG=1",
					"$(inherited)",
				);
				GCC_WARN_64_TO_32_BIT_CONVERSION = YES;
				GCC_WARN_ABOUT_RETURN_TYPE = YES_ERROR;
				GCC_WARN_UNDECLARED_SELECTOR = YES;
				GCC_WARN_UNINITIALIZED_AUTOS = YES_AGGRESSIVE;
				GCC_WARN_UNUSED_FUNCTION = YES;
				GCC_WARN_UNUSED_VARIABLE = YES;
				IPHONEOS_DEPLOYMENT_TARGET = 12.1;
				MTL_ENABLE_DEBUG_INFO = INCLUDE_SOURCE;
				MTL_FAST_MATH = YES;
				ONLY_ACTIVE_ARCH = YES;
				SDKROOT = iphoneos;
				SWIFT_ACTIVE_COMPILATION_CONDITIONS = DEBUG;
				SWIFT_OPTIMIZATION_LEVEL = "-Onone";
			};
			name = Debug;
		};
		8035805C220346ED00B32795 /* Release */ = {
			isa = XCBuildConfiguration;
			buildSettings = {
				ALWAYS_SEARCH_USER_PATHS = NO;
				CLANG_ANALYZER_NONNULL = YES;
				CLANG_ANALYZER_NUMBER_OBJECT_CONVERSION = YES_AGGRESSIVE;
				CLANG_CXX_LANGUAGE_STANDARD = "gnu++14";
				CLANG_CXX_LIBRARY = "libc++";
				CLANG_ENABLE_MODULES = YES;
				CLANG_ENABLE_OBJC_ARC = YES;
				CLANG_ENABLE_OBJC_WEAK = YES;
				CLANG_WARN_BLOCK_CAPTURE_AUTORELEASING = YES;
				CLANG_WARN_BOOL_CONVERSION = YES;
				CLANG_WARN_COMMA = YES;
				CLANG_WARN_CONSTANT_CONVERSION = YES;
				CLANG_WARN_DEPRECATED_OBJC_IMPLEMENTATIONS = YES;
				CLANG_WARN_DIRECT_OBJC_ISA_USAGE = YES_ERROR;
				CLANG_WARN_DOCUMENTATION_COMMENTS = YES;
				CLANG_WARN_EMPTY_BODY = YES;
				CLANG_WARN_ENUM_CONVERSION = YES;
				CLANG_WARN_INFINITE_RECURSION = YES;
				CLANG_WARN_INT_CONVERSION = YES;
				CLANG_WARN_NON_LITERAL_NULL_CONVERSION = YES;
				CLANG_WARN_OBJC_IMPLICIT_RETAIN_SELF = YES;
				CLANG_WARN_OBJC_LITERAL_CONVERSION = YES;
				CLANG_WARN_OBJC_ROOT_CLASS = YES_ERROR;
				CLANG_WARN_RANGE_LOOP_ANALYSIS = YES;
				CLANG_WARN_STRICT_PROTOTYPES = YES;
				CLANG_WARN_SUSPICIOUS_MOVE = YES;
				CLANG_WARN_UNGUARDED_AVAILABILITY = YES_AGGRESSIVE;
				CLANG_WARN_UNREACHABLE_CODE = YES;
				CLANG_WARN__DUPLICATE_METHOD_MATCH = YES;
				CODE_SIGN_IDENTITY = "iPhone Developer";
				COPY_PHASE_STRIP = NO;
				DEBUG_INFORMATION_FORMAT = "dwarf-with-dsym";
				ENABLE_NS_ASSERTIONS = NO;
				ENABLE_STRICT_OBJC_MSGSEND = YES;
				GCC_C_LANGUAGE_STANDARD = gnu11;
				GCC_NO_COMMON_BLOCKS = YES;
				GCC_WARN_64_TO_32_BIT_CONVERSION = YES;
				GCC_WARN_ABOUT_RETURN_TYPE = YES_ERROR;
				GCC_WARN_UNDECLARED_SELECTOR = YES;
				GCC_WARN_UNINITIALIZED_AUTOS = YES_AGGRESSIVE;
				GCC_WARN_UNUSED_FUNCTION = YES;
				GCC_WARN_UNUSED_VARIABLE = YES;
				IPHONEOS_DEPLOYMENT_TARGET = 12.1;
				MTL_ENABLE_DEBUG_INFO = NO;
				MTL_FAST_MATH = YES;
				SDKROOT = iphoneos;
				SWIFT_COMPILATION_MODE = wholemodule;
				SWIFT_OPTIMIZATION_LEVEL = "-O";
				VALIDATE_PRODUCT = YES;
			};
			name = Release;
		};
		8035805E220346ED00B32795 /* Debug */ = {
			isa = XCBuildConfiguration;
			buildSettings = {
				ASSETCATALOG_COMPILER_APPICON_NAME = AppIcon;
				CODE_SIGN_STYLE = Automatic;
				INFOPLIST_FILE = "$(SRCROOT)/CollectionViewSelfSizing/Supporting Files/Info.plist";
				LD_RUNPATH_SEARCH_PATHS = (
					"$(inherited)",
					"@executable_path/Frameworks",
				);
				PRODUCT_BUNDLE_IDENTIFIER = V8tr.CollectionViewSelfSizing;
				PRODUCT_NAME = "$(TARGET_NAME)";
				SWIFT_VERSION = 4.2;
				TARGETED_DEVICE_FAMILY = "1,2";
			};
			name = Debug;
		};
		8035805F220346ED00B32795 /* Release */ = {
			isa = XCBuildConfiguration;
			buildSettings = {
				ASSETCATALOG_COMPILER_APPICON_NAME = AppIcon;
				CODE_SIGN_STYLE = Automatic;
				INFOPLIST_FILE = "$(SRCROOT)/CollectionViewSelfSizing/Supporting Files/Info.plist";
				LD_RUNPATH_SEARCH_PATHS = (
					"$(inherited)",
					"@executable_path/Frameworks",
				);
				PRODUCT_BUNDLE_IDENTIFIER = V8tr.CollectionViewSelfSizing;
				PRODUCT_NAME = "$(TARGET_NAME)";
				SWIFT_VERSION = 4.2;
				TARGETED_DEVICE_FAMILY = "1,2";
			};
			name = Release;
		};
/* End XCBuildConfiguration section */

/* Begin XCConfigurationList section */
		80358046220346EB00B32795 /* Build configuration list for PBXProject "CollectionViewSelfSizing" */ = {
			isa = XCConfigurationList;
			buildConfigurations = (
				8035805B220346ED00B32795 /* Debug */,
				8035805C220346ED00B32795 /* Release */,
			);
			defaultConfigurationIsVisible = 0;
			defaultConfigurationName = Release;
		};
		8035805D220346ED00B32795 /* Build configuration list for PBXNativeTarget "CollectionViewSelfSizing" */ = {
			isa = XCConfigurationList;
			buildConfigurations = (
				8035805E220346ED00B32795 /* Debug */,
				8035805F220346ED00B32795 /* Release */,
			);
			defaultConfigurationIsVisible = 0;
			defaultConfigurationName = Release;
		};
/* End XCConfigurationList section */
	};
	rootObject = 80358043220346EB00B32795 /* Project object */;
}
